// !$*UTF8*$!
{
	archiveVersion = 1;
	classes = {
	};
	objectVersion = 56;
	objects = {

/* Begin PBXBuildFile section */
		521B9E312A78DE40001B2961 /* MarriageView.swift in Sources */ = {isa = PBXBuildFile; fileRef = 521B9E302A78DE40001B2961 /* MarriageView.swift */; };
		521B9E332A78E222001B2961 /* BusinessView.swift in Sources */ = {isa = PBXBuildFile; fileRef = 521B9E322A78E222001B2961 /* BusinessView.swift */; };
		52CAEE122A77BA55007AE47D /* User.swift in Sources */ = {isa = PBXBuildFile; fileRef = 52CAEE112A77BA54007AE47D /* User.swift */; };
		52CAEE142A77BA6D007AE47D /* Contact.swift in Sources */ = {isa = PBXBuildFile; fileRef = 52CAEE132A77BA6D007AE47D /* Contact.swift */; };
		52CAEE162A77BABA007AE47D /* Event.swift in Sources */ = {isa = PBXBuildFile; fileRef = 52CAEE152A77BABA007AE47D /* Event.swift */; };
		52CAEE182A77BAD3007AE47D /* Meeting.swift in Sources */ = {isa = PBXBuildFile; fileRef = 52CAEE172A77BAD3007AE47D /* Meeting.swift */; };
		52CAEE1A2A77BAF3007AE47D /* VectorSigns.swift in Sources */ = {isa = PBXBuildFile; fileRef = 52CAEE192A77BAF3007AE47D /* VectorSigns.swift */; };
		52CAEE1C2A77BB09007AE47D /* AnnualSigns.swift in Sources */ = {isa = PBXBuildFile; fileRef = 52CAEE1B2A77BB09007AE47D /* AnnualSigns.swift */; };
		52CAEE1E2A77BB2A007AE47D /* Month.swift in Sources */ = {isa = PBXBuildFile; fileRef = 52CAEE1D2A77BB2A007AE47D /* Month.swift */; };
		52CAEE202A77BB3A007AE47D /* Ideology.swift in Sources */ = {isa = PBXBuildFile; fileRef = 52CAEE1F2A77BB3A007AE47D /* Ideology.swift */; };
		52CAEE222A77BB51007AE47D /* Sociology.swift in Sources */ = {isa = PBXBuildFile; fileRef = 52CAEE212A77BB51007AE47D /* Sociology.swift */; };
		52CAEE242A77BB61007AE47D /* Psychology.swift in Sources */ = {isa = PBXBuildFile; fileRef = 52CAEE232A77BB61007AE47D /* Psychology.swift */; };
		52CAEE262A77BB80007AE47D /* Energy.swift in Sources */ = {isa = PBXBuildFile; fileRef = 52CAEE252A77BB80007AE47D /* Energy.swift */; };
		52CAEE282A77BB96007AE47D /* Fate.swift in Sources */ = {isa = PBXBuildFile; fileRef = 52CAEE272A77BB96007AE47D /* Fate.swift */; };
		52CAEE2A2A77BBA8007AE47D /* Business.swift in Sources */ = {isa = PBXBuildFile; fileRef = 52CAEE292A77BBA8007AE47D /* Business.swift */; };
		52CAEE2C2A77BBBC007AE47D /* Marriage.swift in Sources */ = {isa = PBXBuildFile; fileRef = 52CAEE2B2A77BBBC007AE47D /* Marriage.swift */; };
		52CAEE2E2A77BBCB007AE47D /* Age.swift in Sources */ = {isa = PBXBuildFile; fileRef = 52CAEE2D2A77BBCB007AE47D /* Age.swift */; };
		52CAEE302A77BBDB007AE47D /* Day.swift in Sources */ = {isa = PBXBuildFile; fileRef = 52CAEE2F2A77BBDB007AE47D /* Day.swift */; };
		52CAEE4C2A77BD38007AE47D /* Sex.swift in Sources */ = {isa = PBXBuildFile; fileRef = 52CAEE4B2A77BD38007AE47D /* Sex.swift */; };
		52CAEE4E2A77BD5F007AE47D /* Components.swift in Sources */ = {isa = PBXBuildFile; fileRef = 52CAEE4D2A77BD5F007AE47D /* Components.swift */; };
		52CAEE502A77BD8E007AE47D /* Feelings.swift in Sources */ = {isa = PBXBuildFile; fileRef = 52CAEE4F2A77BD8E007AE47D /* Feelings.swift */; };
		52CAEE522A77BD9D007AE47D /* FilterMainView.swift in Sources */ = {isa = PBXBuildFile; fileRef = 52CAEE512A77BD9D007AE47D /* FilterMainView.swift */; };
		52CAEE542A77C74C007AE47D /* DateManager.swift in Sources */ = {isa = PBXBuildFile; fileRef = 52CAEE532A77C74C007AE47D /* DateManager.swift */; };
		A010D0A12A00340000289B8B /* AgeStructView.swift in Sources */ = {isa = PBXBuildFile; fileRef = A010D0A02A00340000289B8B /* AgeStructView.swift */; };
		A010D0A32A0038E900289B8B /* AgeView.swift in Sources */ = {isa = PBXBuildFile; fileRef = A010D0A22A0038E900289B8B /* AgeView.swift */; };
		A0193D0529FD6241007C06A1 /* AnnualSignsView.swift in Sources */ = {isa = PBXBuildFile; fileRef = A0193D0429FD6241007C06A1 /* AnnualSignsView.swift */; };
		A01E564C2A459E8D0007E2E1 /* TabBarView.swift in Sources */ = {isa = PBXBuildFile; fileRef = A01E564B2A459E8D0007E2E1 /* TabBarView.swift */; };
		A02990722A1C92F300B850DB /* HapticManager.swift in Sources */ = {isa = PBXBuildFile; fileRef = A02990712A1C92F300B850DB /* HapticManager.swift */; };
		A02990762A1CC6CD00B850DB /* CalendarView.swift in Sources */ = {isa = PBXBuildFile; fileRef = A02990752A1CC6CD00B850DB /* CalendarView.swift */; };
		A033682C2A0FC66A00F2F597 /* ContactCellView.swift in Sources */ = {isa = PBXBuildFile; fileRef = A033682B2A0FC66A00F2F597 /* ContactCellView.swift */; };
		A03385D42A11FE4A002153EF /* UserView.swift in Sources */ = {isa = PBXBuildFile; fileRef = A03385D32A11FE4A002153EF /* UserView.swift */; };
		A03385D62A1202C2002153EF /* UserCellView.swift in Sources */ = {isa = PBXBuildFile; fileRef = A03385D52A1202C2002153EF /* UserCellView.swift */; };
		A03385DA2A12372F002153EF /* Date.swift in Sources */ = {isa = PBXBuildFile; fileRef = A03385D92A12372F002153EF /* Date.swift */; };
		A03385DC2A125E44002153EF /* Color.swift in Sources */ = {isa = PBXBuildFile; fileRef = A03385DB2A125E44002153EF /* Color.swift */; };
		A040BD4E2A2CDF0600F4E7A5 /* ChangeContactView.swift in Sources */ = {isa = PBXBuildFile; fileRef = A040BD4D2A2CDF0600F4E7A5 /* ChangeContactView.swift */; };
		A040BD502A2DB74A00F4E7A5 /* ContactInfoView.swift in Sources */ = {isa = PBXBuildFile; fileRef = A040BD4F2A2DB74A00F4E7A5 /* ContactInfoView.swift */; };
		A046DC072A2EFD8200EC0BE2 /* MeetingView.swift in Sources */ = {isa = PBXBuildFile; fileRef = A046DC062A2EFD8200EC0BE2 /* MeetingView.swift */; };
		A04BA80B2A4443F100CE2EDE /* AddMeetingView.swift in Sources */ = {isa = PBXBuildFile; fileRef = A04BA80A2A4443F100CE2EDE /* AddMeetingView.swift */; };
		A04BA80D2A44514F00CE2EDE /* MainContactView.swift in Sources */ = {isa = PBXBuildFile; fileRef = A04BA80C2A44514F00CE2EDE /* MainContactView.swift */; };
		A04E66992A166B9300A0B7A9 /* FateStructView.swift in Sources */ = {isa = PBXBuildFile; fileRef = A04E66982A166B9300A0B7A9 /* FateStructView.swift */; };
		A0576AFD29FA954700F4D9EF /* InfoView.swift in Sources */ = {isa = PBXBuildFile; fileRef = A0576AFC29FA954700F4D9EF /* InfoView.swift */; };
		A07141D029FFB8E70011FB0A /* BusinessStructview.swift in Sources */ = {isa = PBXBuildFile; fileRef = A07141CF29FFB8E70011FB0A /* BusinessStructview.swift */; };
		A07141D229FFC8C30011FB0A /* MarriageStructView.swift in Sources */ = {isa = PBXBuildFile; fileRef = A07141D129FFC8C30011FB0A /* MarriageStructView.swift */; };
		A08600542A1525C800B69FDF /* AnnualSignView.swift in Sources */ = {isa = PBXBuildFile; fileRef = A08600532A1525C800B69FDF /* AnnualSignView.swift */; };
		A086548929F2F7F600E8300D /* AddNewContactView.swift in Sources */ = {isa = PBXBuildFile; fileRef = A086548829F2F7F600E8300D /* AddNewContactView.swift */; };
		A08993FC29F6C44600174590 /* ContactListView.swift in Sources */ = {isa = PBXBuildFile; fileRef = A08993FB29F6C44600174590 /* ContactListView.swift */; };
		A08B41772A20EE6C00004CAD /* InfoCalendarView.swift in Sources */ = {isa = PBXBuildFile; fileRef = A08B41762A20EE6C00004CAD /* InfoCalendarView.swift */; };
		A09892072A16530D0060B872 /* SocialStructView.swift in Sources */ = {isa = PBXBuildFile; fileRef = A09892062A16530D0060B872 /* SocialStructView.swift */; };
		A098920B2A1657A40060B872 /* PsychologicalStructView.swift in Sources */ = {isa = PBXBuildFile; fileRef = A098920A2A1657A40060B872 /* PsychologicalStructView.swift */; };
		A098920D2A165C9E0060B872 /* EnergyStructView.swift in Sources */ = {isa = PBXBuildFile; fileRef = A098920C2A165C9E0060B872 /* EnergyStructView.swift */; };
		A0A457B72A33302B0052E87B /* NotificationManager.swift in Sources */ = {isa = PBXBuildFile; fileRef = A0A457B62A33302B0052E87B /* NotificationManager.swift */; };
		A0C1A2372A0A39FD00490239 /* StartingView.swift in Sources */ = {isa = PBXBuildFile; fileRef = A0C1A2362A0A39FD00490239 /* StartingView.swift */; };
		A0CB9D7729E6908F007C8595 /* ViewModel.swift in Sources */ = {isa = PBXBuildFile; fileRef = A0CB9D7629E6908F007C8595 /* ViewModel.swift */; };
		A0E0723129D701BF0010E128 /* StructuralHoroscopeApp.swift in Sources */ = {isa = PBXBuildFile; fileRef = A0E0723029D701BF0010E128 /* StructuralHoroscopeApp.swift */; };
		A0E0723529D701C00010E128 /* Assets.xcassets in Resources */ = {isa = PBXBuildFile; fileRef = A0E0723429D701C00010E128 /* Assets.xcassets */; };
		A0E0723929D701C00010E128 /* Preview Assets.xcassets in Resources */ = {isa = PBXBuildFile; fileRef = A0E0723829D701C00010E128 /* Preview Assets.xcassets */; };
		A0E0724129D702820010E128 /* Model.xcdatamodeld in Sources */ = {isa = PBXBuildFile; fileRef = A0E0723F29D702820010E128 /* Model.xcdatamodeld */; };
		A0FDF20F2A163EC700DD1716 /* SocialSignsView.swift in Sources */ = {isa = PBXBuildFile; fileRef = A0FDF20E2A163EC700DD1716 /* SocialSignsView.swift */; };
		A0FDF2112A163EF000DD1716 /* VectorPareView.swift in Sources */ = {isa = PBXBuildFile; fileRef = A0FDF2102A163EF000DD1716 /* VectorPareView.swift */; };
		A0FDF2132A163F1E00DD1716 /* IdeologicalStructView.swift in Sources */ = {isa = PBXBuildFile; fileRef = A0FDF2122A163F1E00DD1716 /* IdeologicalStructView.swift */; };
/* End PBXBuildFile section */

/* Begin PBXFileReference section */
		521B9E302A78DE40001B2961 /* MarriageView.swift */ = {isa = PBXFileReference; lastKnownFileType = sourcecode.swift; path = MarriageView.swift; sourceTree = "<group>"; };
		521B9E322A78E222001B2961 /* BusinessView.swift */ = {isa = PBXFileReference; lastKnownFileType = sourcecode.swift; path = BusinessView.swift; sourceTree = "<group>"; };
		52CAEE112A77BA54007AE47D /* User.swift */ = {isa = PBXFileReference; lastKnownFileType = sourcecode.swift; path = User.swift; sourceTree = "<group>"; };
		52CAEE132A77BA6D007AE47D /* Contact.swift */ = {isa = PBXFileReference; lastKnownFileType = sourcecode.swift; path = Contact.swift; sourceTree = "<group>"; };
		52CAEE152A77BABA007AE47D /* Event.swift */ = {isa = PBXFileReference; lastKnownFileType = sourcecode.swift; path = Event.swift; sourceTree = "<group>"; };
		52CAEE172A77BAD3007AE47D /* Meeting.swift */ = {isa = PBXFileReference; lastKnownFileType = sourcecode.swift; path = Meeting.swift; sourceTree = "<group>"; };
		52CAEE192A77BAF3007AE47D /* VectorSigns.swift */ = {isa = PBXFileReference; lastKnownFileType = sourcecode.swift; path = VectorSigns.swift; sourceTree = "<group>"; };
		52CAEE1B2A77BB09007AE47D /* AnnualSigns.swift */ = {isa = PBXFileReference; lastKnownFileType = sourcecode.swift; path = AnnualSigns.swift; sourceTree = "<group>"; };
		52CAEE1D2A77BB2A007AE47D /* Month.swift */ = {isa = PBXFileReference; lastKnownFileType = sourcecode.swift; path = Month.swift; sourceTree = "<group>"; };
		52CAEE1F2A77BB3A007AE47D /* Ideology.swift */ = {isa = PBXFileReference; lastKnownFileType = sourcecode.swift; path = Ideology.swift; sourceTree = "<group>"; };
		52CAEE212A77BB51007AE47D /* Sociology.swift */ = {isa = PBXFileReference; lastKnownFileType = sourcecode.swift; path = Sociology.swift; sourceTree = "<group>"; };
		52CAEE232A77BB61007AE47D /* Psychology.swift */ = {isa = PBXFileReference; lastKnownFileType = sourcecode.swift; path = Psychology.swift; sourceTree = "<group>"; };
		52CAEE252A77BB80007AE47D /* Energy.swift */ = {isa = PBXFileReference; lastKnownFileType = sourcecode.swift; path = Energy.swift; sourceTree = "<group>"; };
		52CAEE272A77BB96007AE47D /* Fate.swift */ = {isa = PBXFileReference; lastKnownFileType = sourcecode.swift; path = Fate.swift; sourceTree = "<group>"; };
		52CAEE292A77BBA8007AE47D /* Business.swift */ = {isa = PBXFileReference; lastKnownFileType = sourcecode.swift; path = Business.swift; sourceTree = "<group>"; };
		52CAEE2B2A77BBBC007AE47D /* Marriage.swift */ = {isa = PBXFileReference; lastKnownFileType = sourcecode.swift; path = Marriage.swift; sourceTree = "<group>"; };
		52CAEE2D2A77BBCB007AE47D /* Age.swift */ = {isa = PBXFileReference; lastKnownFileType = sourcecode.swift; path = Age.swift; sourceTree = "<group>"; };
		52CAEE2F2A77BBDB007AE47D /* Day.swift */ = {isa = PBXFileReference; lastKnownFileType = sourcecode.swift; path = Day.swift; sourceTree = "<group>"; };
		52CAEE4B2A77BD38007AE47D /* Sex.swift */ = {isa = PBXFileReference; lastKnownFileType = sourcecode.swift; path = Sex.swift; sourceTree = "<group>"; };
		52CAEE4D2A77BD5F007AE47D /* Components.swift */ = {isa = PBXFileReference; lastKnownFileType = sourcecode.swift; path = Components.swift; sourceTree = "<group>"; };
		52CAEE4F2A77BD8E007AE47D /* Feelings.swift */ = {isa = PBXFileReference; lastKnownFileType = sourcecode.swift; path = Feelings.swift; sourceTree = "<group>"; };
		52CAEE512A77BD9D007AE47D /* FilterMainView.swift */ = {isa = PBXFileReference; lastKnownFileType = sourcecode.swift; path = FilterMainView.swift; sourceTree = "<group>"; };
		52CAEE532A77C74C007AE47D /* DateManager.swift */ = {isa = PBXFileReference; lastKnownFileType = sourcecode.swift; path = DateManager.swift; sourceTree = "<group>"; };
		A010D0A02A00340000289B8B /* AgeStructView.swift */ = {isa = PBXFileReference; lastKnownFileType = sourcecode.swift; path = AgeStructView.swift; sourceTree = "<group>"; };
		A010D0A22A0038E900289B8B /* AgeView.swift */ = {isa = PBXFileReference; lastKnownFileType = sourcecode.swift; path = AgeView.swift; sourceTree = "<group>"; };
		A0193D0429FD6241007C06A1 /* AnnualSignsView.swift */ = {isa = PBXFileReference; lastKnownFileType = sourcecode.swift; path = AnnualSignsView.swift; sourceTree = "<group>"; };
		A01E564B2A459E8D0007E2E1 /* TabBarView.swift */ = {isa = PBXFileReference; lastKnownFileType = sourcecode.swift; path = TabBarView.swift; sourceTree = "<group>"; };
		A02990712A1C92F300B850DB /* HapticManager.swift */ = {isa = PBXFileReference; lastKnownFileType = sourcecode.swift; path = HapticManager.swift; sourceTree = "<group>"; };
		A02990752A1CC6CD00B850DB /* CalendarView.swift */ = {isa = PBXFileReference; lastKnownFileType = sourcecode.swift; path = CalendarView.swift; sourceTree = "<group>"; };
		A033682B2A0FC66A00F2F597 /* ContactCellView.swift */ = {isa = PBXFileReference; lastKnownFileType = sourcecode.swift; path = ContactCellView.swift; sourceTree = "<group>"; };
		A03385D32A11FE4A002153EF /* UserView.swift */ = {isa = PBXFileReference; lastKnownFileType = sourcecode.swift; path = UserView.swift; sourceTree = "<group>"; };
		A03385D52A1202C2002153EF /* UserCellView.swift */ = {isa = PBXFileReference; lastKnownFileType = sourcecode.swift; path = UserCellView.swift; sourceTree = "<group>"; };
		A03385D92A12372F002153EF /* Date.swift */ = {isa = PBXFileReference; lastKnownFileType = sourcecode.swift; path = Date.swift; sourceTree = "<group>"; };
		A03385DB2A125E44002153EF /* Color.swift */ = {isa = PBXFileReference; lastKnownFileType = sourcecode.swift; path = Color.swift; sourceTree = "<group>"; };
		A040A6C72A08FE5400B614D3 /* Info.plist */ = {isa = PBXFileReference; lastKnownFileType = text.plist; path = Info.plist; sourceTree = "<group>"; };
		A040BD4D2A2CDF0600F4E7A5 /* ChangeContactView.swift */ = {isa = PBXFileReference; lastKnownFileType = sourcecode.swift; path = ChangeContactView.swift; sourceTree = "<group>"; };
		A040BD4F2A2DB74A00F4E7A5 /* ContactInfoView.swift */ = {isa = PBXFileReference; lastKnownFileType = sourcecode.swift; path = ContactInfoView.swift; sourceTree = "<group>"; };
		A046DC062A2EFD8200EC0BE2 /* MeetingView.swift */ = {isa = PBXFileReference; lastKnownFileType = sourcecode.swift; path = MeetingView.swift; sourceTree = "<group>"; };
		A04BA80A2A4443F100CE2EDE /* AddMeetingView.swift */ = {isa = PBXFileReference; lastKnownFileType = sourcecode.swift; path = AddMeetingView.swift; sourceTree = "<group>"; };
		A04BA80C2A44514F00CE2EDE /* MainContactView.swift */ = {isa = PBXFileReference; lastKnownFileType = sourcecode.swift; path = MainContactView.swift; sourceTree = "<group>"; };
		A04E66982A166B9300A0B7A9 /* FateStructView.swift */ = {isa = PBXFileReference; lastKnownFileType = sourcecode.swift; path = FateStructView.swift; sourceTree = "<group>"; };
		A0576AFC29FA954700F4D9EF /* InfoView.swift */ = {isa = PBXFileReference; lastKnownFileType = sourcecode.swift; path = InfoView.swift; sourceTree = "<group>"; };
		A07141CF29FFB8E70011FB0A /* BusinessStructview.swift */ = {isa = PBXFileReference; lastKnownFileType = sourcecode.swift; path = BusinessStructview.swift; sourceTree = "<group>"; };
		A07141D129FFC8C30011FB0A /* MarriageStructView.swift */ = {isa = PBXFileReference; lastKnownFileType = sourcecode.swift; path = MarriageStructView.swift; sourceTree = "<group>"; };
		A08600532A1525C800B69FDF /* AnnualSignView.swift */ = {isa = PBXFileReference; lastKnownFileType = sourcecode.swift; path = AnnualSignView.swift; sourceTree = "<group>"; };
		A086548829F2F7F600E8300D /* AddNewContactView.swift */ = {isa = PBXFileReference; lastKnownFileType = sourcecode.swift; path = AddNewContactView.swift; sourceTree = "<group>"; };
		A08993FB29F6C44600174590 /* ContactListView.swift */ = {isa = PBXFileReference; lastKnownFileType = sourcecode.swift; path = ContactListView.swift; sourceTree = "<group>"; };
		A08B41762A20EE6C00004CAD /* InfoCalendarView.swift */ = {isa = PBXFileReference; lastKnownFileType = sourcecode.swift; path = InfoCalendarView.swift; sourceTree = "<group>"; };
		A09892062A16530D0060B872 /* SocialStructView.swift */ = {isa = PBXFileReference; lastKnownFileType = sourcecode.swift; path = SocialStructView.swift; sourceTree = "<group>"; };
		A098920A2A1657A40060B872 /* PsychologicalStructView.swift */ = {isa = PBXFileReference; lastKnownFileType = sourcecode.swift; path = PsychologicalStructView.swift; sourceTree = "<group>"; };
		A098920C2A165C9E0060B872 /* EnergyStructView.swift */ = {isa = PBXFileReference; lastKnownFileType = sourcecode.swift; path = EnergyStructView.swift; sourceTree = "<group>"; };
		A0A457B62A33302B0052E87B /* NotificationManager.swift */ = {isa = PBXFileReference; lastKnownFileType = sourcecode.swift; path = NotificationManager.swift; sourceTree = "<group>"; };
		A0C1A2362A0A39FD00490239 /* StartingView.swift */ = {isa = PBXFileReference; lastKnownFileType = sourcecode.swift; path = StartingView.swift; sourceTree = "<group>"; };
		A0CB9D7629E6908F007C8595 /* ViewModel.swift */ = {isa = PBXFileReference; lastKnownFileType = sourcecode.swift; path = ViewModel.swift; sourceTree = "<group>"; };
		A0E0722D29D701BF0010E128 /* StructuralHoroscope.app */ = {isa = PBXFileReference; explicitFileType = wrapper.application; includeInIndex = 0; path = StructuralHoroscope.app; sourceTree = BUILT_PRODUCTS_DIR; };
		A0E0723029D701BF0010E128 /* StructuralHoroscopeApp.swift */ = {isa = PBXFileReference; lastKnownFileType = sourcecode.swift; path = StructuralHoroscopeApp.swift; sourceTree = "<group>"; };
		A0E0723429D701C00010E128 /* Assets.xcassets */ = {isa = PBXFileReference; lastKnownFileType = folder.assetcatalog; path = Assets.xcassets; sourceTree = "<group>"; };
		A0E0723629D701C00010E128 /* StructuralHoroscope.entitlements */ = {isa = PBXFileReference; lastKnownFileType = text.plist.entitlements; path = StructuralHoroscope.entitlements; sourceTree = "<group>"; };
		A0E0723829D701C00010E128 /* Preview Assets.xcassets */ = {isa = PBXFileReference; lastKnownFileType = folder.assetcatalog; path = "Preview Assets.xcassets"; sourceTree = "<group>"; };
		A0E0724029D702820010E128 /* Model.xcdatamodel */ = {isa = PBXFileReference; lastKnownFileType = wrapper.xcdatamodel; path = Model.xcdatamodel; sourceTree = "<group>"; };
		A0FDF20E2A163EC700DD1716 /* SocialSignsView.swift */ = {isa = PBXFileReference; lastKnownFileType = sourcecode.swift; path = SocialSignsView.swift; sourceTree = "<group>"; };
		A0FDF2102A163EF000DD1716 /* VectorPareView.swift */ = {isa = PBXFileReference; lastKnownFileType = sourcecode.swift; path = VectorPareView.swift; sourceTree = "<group>"; };
		A0FDF2122A163F1E00DD1716 /* IdeologicalStructView.swift */ = {isa = PBXFileReference; lastKnownFileType = sourcecode.swift; path = IdeologicalStructView.swift; sourceTree = "<group>"; };
/* End PBXFileReference section */

/* Begin PBXFrameworksBuildPhase section */
		A0E0722A29D701BF0010E128 /* Frameworks */ = {
			isa = PBXFrameworksBuildPhase;
			buildActionMask = 2147483647;
			files = (
			);
			runOnlyForDeploymentPostprocessing = 0;
		};
/* End PBXFrameworksBuildPhase section */

/* Begin PBXGroup section */
		A02990702A1C92DF00B850DB /* Managers */ = {
			isa = PBXGroup;
			children = (
				A02990712A1C92F300B850DB /* HapticManager.swift */,
				A0A457B62A33302B0052E87B /* NotificationManager.swift */,
				52CAEE532A77C74C007AE47D /* DateManager.swift */,
			);
			path = Managers;
			sourceTree = "<group>";
		};
		A0CB9D8A29E7073D007C8595 /* Views */ = {
			isa = PBXGroup;
			children = (
				A0C1A2362A0A39FD00490239 /* StartingView.swift */,
				A01E564B2A459E8D0007E2E1 /* TabBarView.swift */,
				A0E2299F29FA97EC0021648C /* Contacts */,
				A0E229A029FA98040021648C /* Info */,
				A0E229A129FA98180021648C /* Calendar */,
			);
			path = Views;
			sourceTree = "<group>";
		};
		A0CB9D8C29E7076F007C8595 /* ViewModels */ = {
			isa = PBXGroup;
			children = (
				A0CB9D7629E6908F007C8595 /* ViewModel.swift */,
			);
			path = ViewModels;
			sourceTree = "<group>";
		};
		A0CB9D8D29E70779007C8595 /* Models */ = {
			isa = PBXGroup;
			children = (
				52CAEE112A77BA54007AE47D /* User.swift */,
				52CAEE132A77BA6D007AE47D /* Contact.swift */,
				52CAEE152A77BABA007AE47D /* Event.swift */,
				52CAEE172A77BAD3007AE47D /* Meeting.swift */,
				52CAEE1B2A77BB09007AE47D /* AnnualSigns.swift */,
				52CAEE1D2A77BB2A007AE47D /* Month.swift */,
				52CAEE192A77BAF3007AE47D /* VectorSigns.swift */,
				52CAEE1F2A77BB3A007AE47D /* Ideology.swift */,
				52CAEE212A77BB51007AE47D /* Sociology.swift */,
				52CAEE232A77BB61007AE47D /* Psychology.swift */,
				52CAEE252A77BB80007AE47D /* Energy.swift */,
				52CAEE272A77BB96007AE47D /* Fate.swift */,
				52CAEE292A77BBA8007AE47D /* Business.swift */,
				52CAEE2B2A77BBBC007AE47D /* Marriage.swift */,
				52CAEE2D2A77BBCB007AE47D /* Age.swift */,
				52CAEE2F2A77BBDB007AE47D /* Day.swift */,
				52CAEE4B2A77BD38007AE47D /* Sex.swift */,
				52CAEE4D2A77BD5F007AE47D /* Components.swift */,
				52CAEE4F2A77BD8E007AE47D /* Feelings.swift */,
				52CAEE512A77BD9D007AE47D /* FilterMainView.swift */,
			);
			path = Models;
			sourceTree = "<group>";
		};
		A0CB9D8E29E707AE007C8595 /* Extensions */ = {
			isa = PBXGroup;
			children = (
				A03385D92A12372F002153EF /* Date.swift */,
				A03385DB2A125E44002153EF /* Color.swift */,
			);
			path = Extensions;
			sourceTree = "<group>";
		};
		A0E0722429D701BF0010E128 = {
			isa = PBXGroup;
			children = (
				A0E0722F29D701BF0010E128 /* StructuralHoroscope */,
				A0E0722E29D701BF0010E128 /* Products */,
			);
			sourceTree = "<group>";
		};
		A0E0722E29D701BF0010E128 /* Products */ = {
			isa = PBXGroup;
			children = (
				A0E0722D29D701BF0010E128 /* StructuralHoroscope.app */,
			);
			name = Products;
			sourceTree = "<group>";
		};
		A0E0722F29D701BF0010E128 /* StructuralHoroscope */ = {
			isa = PBXGroup;
			children = (
				A040A6C72A08FE5400B614D3 /* Info.plist */,
				A0E0723029D701BF0010E128 /* StructuralHoroscopeApp.swift */,
				A0CB9D8E29E707AE007C8595 /* Extensions */,
				A02990702A1C92DF00B850DB /* Managers */,
				A0CB9D8D29E70779007C8595 /* Models */,
				A0CB9D8C29E7076F007C8595 /* ViewModels */,
				A0CB9D8A29E7073D007C8595 /* Views */,
				A0E0723429D701C00010E128 /* Assets.xcassets */,
				A0E0723629D701C00010E128 /* StructuralHoroscope.entitlements */,
				A0E0723729D701C00010E128 /* Preview Content */,
				A0E0723F29D702820010E128 /* Model.xcdatamodeld */,
			);
			path = StructuralHoroscope;
			sourceTree = "<group>";
		};
		A0E0723729D701C00010E128 /* Preview Content */ = {
			isa = PBXGroup;
			children = (
				A0E0723829D701C00010E128 /* Preview Assets.xcassets */,
			);
			path = "Preview Content";
			sourceTree = "<group>";
		};
		A0E2299F29FA97EC0021648C /* Contacts */ = {
			isa = PBXGroup;
			children = (
				A08993FB29F6C44600174590 /* ContactListView.swift */,
				A03385D52A1202C2002153EF /* UserCellView.swift */,
				A033682B2A0FC66A00F2F597 /* ContactCellView.swift */,
				A086548829F2F7F600E8300D /* AddNewContactView.swift */,
				A040BD4D2A2CDF0600F4E7A5 /* ChangeContactView.swift */,
				A03385D32A11FE4A002153EF /* UserView.swift */,
				A04BA80C2A44514F00CE2EDE /* MainContactView.swift */,
				A046DC062A2EFD8200EC0BE2 /* MeetingView.swift */,
				A04BA80A2A4443F100CE2EDE /* AddMeetingView.swift */,
				A040BD4F2A2DB74A00F4E7A5 /* ContactInfoView.swift */,
				A08600532A1525C800B69FDF /* AnnualSignView.swift */,
				A010D0A22A0038E900289B8B /* AgeView.swift */,
				521B9E302A78DE40001B2961 /* MarriageView.swift */,
				521B9E322A78E222001B2961 /* BusinessView.swift */,
			);
			path = Contacts;
			sourceTree = "<group>";
		};
		A0E229A029FA98040021648C /* Info */ = {
			isa = PBXGroup;
			children = (
				A0576AFC29FA954700F4D9EF /* InfoView.swift */,
				A0193D0429FD6241007C06A1 /* AnnualSignsView.swift */,
				A0FDF20E2A163EC700DD1716 /* SocialSignsView.swift */,
				A0FDF2102A163EF000DD1716 /* VectorPareView.swift */,
				A0FDF2122A163F1E00DD1716 /* IdeologicalStructView.swift */,
				A09892062A16530D0060B872 /* SocialStructView.swift */,
				A098920A2A1657A40060B872 /* PsychologicalStructView.swift */,
				A098920C2A165C9E0060B872 /* EnergyStructView.swift */,
				A04E66982A166B9300A0B7A9 /* FateStructView.swift */,
				A07141CF29FFB8E70011FB0A /* BusinessStructview.swift */,
				A07141D129FFC8C30011FB0A /* MarriageStructView.swift */,
				A010D0A02A00340000289B8B /* AgeStructView.swift */,
			);
			path = Info;
			sourceTree = "<group>";
		};
		A0E229A129FA98180021648C /* Calendar */ = {
			isa = PBXGroup;
			children = (
				A02990752A1CC6CD00B850DB /* CalendarView.swift */,
				A08B41762A20EE6C00004CAD /* InfoCalendarView.swift */,
			);
			path = Calendar;
			sourceTree = "<group>";
		};
/* End PBXGroup section */

/* Begin PBXNativeTarget section */
		A0E0722C29D701BF0010E128 /* StructuralHoroscope */ = {
			isa = PBXNativeTarget;
			buildConfigurationList = A0E0723C29D701C00010E128 /* Build configuration list for PBXNativeTarget "StructuralHoroscope" */;
			buildPhases = (
				A0E0722929D701BF0010E128 /* Sources */,
				A0E0722A29D701BF0010E128 /* Frameworks */,
				A0E0722B29D701BF0010E128 /* Resources */,
			);
			buildRules = (
			);
			dependencies = (
			);
			name = StructuralHoroscope;
			productName = StructuralHoroscope;
			productReference = A0E0722D29D701BF0010E128 /* StructuralHoroscope.app */;
			productType = "com.apple.product-type.application";
		};
/* End PBXNativeTarget section */

/* Begin PBXProject section */
		A0E0722529D701BF0010E128 /* Project object */ = {
			isa = PBXProject;
			attributes = {
				BuildIndependentTargetsInParallel = 1;
				LastSwiftUpdateCheck = 1420;
				LastUpgradeCheck = 1430;
				TargetAttributes = {
					A0E0722C29D701BF0010E128 = {
						CreatedOnToolsVersion = 14.2;
					};
				};
			};
			buildConfigurationList = A0E0722829D701BF0010E128 /* Build configuration list for PBXProject "StructuralHoroscope" */;
			compatibilityVersion = "Xcode 14.0";
			developmentRegion = ru;
			hasScannedForEncodings = 0;
			knownRegions = (
				ru,
				Base,
			);
			mainGroup = A0E0722429D701BF0010E128;
			productRefGroup = A0E0722E29D701BF0010E128 /* Products */;
			projectDirPath = "";
			projectRoot = "";
			targets = (
				A0E0722C29D701BF0010E128 /* StructuralHoroscope */,
			);
		};
/* End PBXProject section */

/* Begin PBXResourcesBuildPhase section */
		A0E0722B29D701BF0010E128 /* Resources */ = {
			isa = PBXResourcesBuildPhase;
			buildActionMask = 2147483647;
			files = (
				A0E0723929D701C00010E128 /* Preview Assets.xcassets in Resources */,
				A0E0723529D701C00010E128 /* Assets.xcassets in Resources */,
			);
			runOnlyForDeploymentPostprocessing = 0;
		};
/* End PBXResourcesBuildPhase section */

/* Begin PBXSourcesBuildPhase section */
		A0E0722929D701BF0010E128 /* Sources */ = {
			isa = PBXSourcesBuildPhase;
			buildActionMask = 2147483647;
			files = (
				A07141D029FFB8E70011FB0A /* BusinessStructview.swift in Sources */,
				A040BD502A2DB74A00F4E7A5 /* ContactInfoView.swift in Sources */,
				52CAEE162A77BABA007AE47D /* Event.swift in Sources */,
				A08993FC29F6C44600174590 /* ContactListView.swift in Sources */,
				A033682C2A0FC66A00F2F597 /* ContactCellView.swift in Sources */,
				A03385DA2A12372F002153EF /* Date.swift in Sources */,
				A08B41772A20EE6C00004CAD /* InfoCalendarView.swift in Sources */,
				A03385D42A11FE4A002153EF /* UserView.swift in Sources */,
				A02990722A1C92F300B850DB /* HapticManager.swift in Sources */,
				A03385D62A1202C2002153EF /* UserCellView.swift in Sources */,
				52CAEE302A77BBDB007AE47D /* Day.swift in Sources */,
				A03385DC2A125E44002153EF /* Color.swift in Sources */,
				A0C1A2372A0A39FD00490239 /* StartingView.swift in Sources */,
				A0576AFD29FA954700F4D9EF /* InfoView.swift in Sources */,
				52CAEE2C2A77BBBC007AE47D /* Marriage.swift in Sources */,
				A010D0A12A00340000289B8B /* AgeStructView.swift in Sources */,
				A07141D229FFC8C30011FB0A /* MarriageStructView.swift in Sources */,
				52CAEE182A77BAD3007AE47D /* Meeting.swift in Sources */,
				52CAEE522A77BD9D007AE47D /* FilterMainView.swift in Sources */,
				A0A457B72A33302B0052E87B /* NotificationManager.swift in Sources */,
				52CAEE1C2A77BB09007AE47D /* AnnualSigns.swift in Sources */,
				52CAEE4C2A77BD38007AE47D /* Sex.swift in Sources */,
				52CAEE222A77BB51007AE47D /* Sociology.swift in Sources */,
				521B9E312A78DE40001B2961 /* MarriageView.swift in Sources */,
				52CAEE2E2A77BBCB007AE47D /* Age.swift in Sources */,
				A040BD4E2A2CDF0600F4E7A5 /* ChangeContactView.swift in Sources */,
				52CAEE142A77BA6D007AE47D /* Contact.swift in Sources */,
				A04BA80D2A44514F00CE2EDE /* MainContactView.swift in Sources */,
				A086548929F2F7F600E8300D /* AddNewContactView.swift in Sources */,
				A0E0723129D701BF0010E128 /* StructuralHoroscopeApp.swift in Sources */,
				521B9E332A78E222001B2961 /* BusinessView.swift in Sources */,
				52CAEE542A77C74C007AE47D /* DateManager.swift in Sources */,
				52CAEE4E2A77BD5F007AE47D /* Components.swift in Sources */,
				52CAEE202A77BB3A007AE47D /* Ideology.swift in Sources */,
				A0CB9D7729E6908F007C8595 /* ViewModel.swift in Sources */,
				A04BA80B2A4443F100CE2EDE /* AddMeetingView.swift in Sources */,
				A010D0A32A0038E900289B8B /* AgeView.swift in Sources */,
				52CAEE502A77BD8E007AE47D /* Feelings.swift in Sources */,
				A01E564C2A459E8D0007E2E1 /* TabBarView.swift in Sources */,
				A08600542A1525C800B69FDF /* AnnualSignView.swift in Sources */,
				A0FDF20F2A163EC700DD1716 /* SocialSignsView.swift in Sources */,
				A0FDF2112A163EF000DD1716 /* VectorPareView.swift in Sources */,
				A0FDF2132A163F1E00DD1716 /* IdeologicalStructView.swift in Sources */,
				52CAEE122A77BA55007AE47D /* User.swift in Sources */,
				A09892072A16530D0060B872 /* SocialStructView.swift in Sources */,
				52CAEE282A77BB96007AE47D /* Fate.swift in Sources */,
				A02990762A1CC6CD00B850DB /* CalendarView.swift in Sources */,
				A098920B2A1657A40060B872 /* PsychologicalStructView.swift in Sources */,
				52CAEE1E2A77BB2A007AE47D /* Month.swift in Sources */,
				A046DC072A2EFD8200EC0BE2 /* MeetingView.swift in Sources */,
				A098920D2A165C9E0060B872 /* EnergyStructView.swift in Sources */,
				52CAEE1A2A77BAF3007AE47D /* VectorSigns.swift in Sources */,
				A04E66992A166B9300A0B7A9 /* FateStructView.swift in Sources */,
				A0E0724129D702820010E128 /* Model.xcdatamodeld in Sources */,
				52CAEE262A77BB80007AE47D /* Energy.swift in Sources */,
				52CAEE242A77BB61007AE47D /* Psychology.swift in Sources */,
				52CAEE2A2A77BBA8007AE47D /* Business.swift in Sources */,
				A0193D0529FD6241007C06A1 /* AnnualSignsView.swift in Sources */,
			);
			runOnlyForDeploymentPostprocessing = 0;
		};
/* End PBXSourcesBuildPhase section */

/* Begin XCBuildConfiguration section */
		A0E0723A29D701C00010E128 /* Debug */ = {
			isa = XCBuildConfiguration;
			buildSettings = {
				ALWAYS_SEARCH_USER_PATHS = NO;
				CLANG_ANALYZER_NONNULL = YES;
				CLANG_ANALYZER_NUMBER_OBJECT_CONVERSION = YES_AGGRESSIVE;
				CLANG_CXX_LANGUAGE_STANDARD = "gnu++20";
				CLANG_ENABLE_MODULES = YES;
				CLANG_ENABLE_OBJC_ARC = YES;
				CLANG_ENABLE_OBJC_WEAK = YES;
				CLANG_WARN_BLOCK_CAPTURE_AUTORELEASING = YES;
				CLANG_WARN_BOOL_CONVERSION = YES;
				CLANG_WARN_COMMA = YES;
				CLANG_WARN_CONSTANT_CONVERSION = YES;
				CLANG_WARN_DEPRECATED_OBJC_IMPLEMENTATIONS = YES;
				CLANG_WARN_DIRECT_OBJC_ISA_USAGE = YES_ERROR;
				CLANG_WARN_DOCUMENTATION_COMMENTS = YES;
				CLANG_WARN_EMPTY_BODY = YES;
				CLANG_WARN_ENUM_CONVERSION = YES;
				CLANG_WARN_INFINITE_RECURSION = YES;
				CLANG_WARN_INT_CONVERSION = YES;
				CLANG_WARN_NON_LITERAL_NULL_CONVERSION = YES;
				CLANG_WARN_OBJC_IMPLICIT_RETAIN_SELF = YES;
				CLANG_WARN_OBJC_LITERAL_CONVERSION = YES;
				CLANG_WARN_OBJC_ROOT_CLASS = YES_ERROR;
				CLANG_WARN_QUOTED_INCLUDE_IN_FRAMEWORK_HEADER = YES;
				CLANG_WARN_RANGE_LOOP_ANALYSIS = YES;
				CLANG_WARN_STRICT_PROTOTYPES = YES;
				CLANG_WARN_SUSPICIOUS_MOVE = YES;
				CLANG_WARN_UNGUARDED_AVAILABILITY = YES_AGGRESSIVE;
				CLANG_WARN_UNREACHABLE_CODE = YES;
				CLANG_WARN__DUPLICATE_METHOD_MATCH = YES;
				COPY_PHASE_STRIP = NO;
				DEAD_CODE_STRIPPING = YES;
				DEBUG_INFORMATION_FORMAT = dwarf;
				ENABLE_STRICT_OBJC_MSGSEND = YES;
				ENABLE_TESTABILITY = YES;
				GCC_C_LANGUAGE_STANDARD = gnu11;
				GCC_DYNAMIC_NO_PIC = NO;
				GCC_NO_COMMON_BLOCKS = YES;
				GCC_OPTIMIZATION_LEVEL = 0;
				GCC_PREPROCESSOR_DEFINITIONS = (
					"DEBUG=1",
					"$(inherited)",
				);
				GCC_WARN_64_TO_32_BIT_CONVERSION = YES;
				GCC_WARN_ABOUT_RETURN_TYPE = YES_ERROR;
				GCC_WARN_UNDECLARED_SELECTOR = YES;
				GCC_WARN_UNINITIALIZED_AUTOS = YES_AGGRESSIVE;
				GCC_WARN_UNUSED_FUNCTION = YES;
				GCC_WARN_UNUSED_VARIABLE = YES;
				MTL_ENABLE_DEBUG_INFO = INCLUDE_SOURCE;
				MTL_FAST_MATH = YES;
				ONLY_ACTIVE_ARCH = YES;
				SWIFT_ACTIVE_COMPILATION_CONDITIONS = DEBUG;
				SWIFT_OPTIMIZATION_LEVEL = "-Onone";
			};
			name = Debug;
		};
		A0E0723B29D701C00010E128 /* Release */ = {
			isa = XCBuildConfiguration;
			buildSettings = {
				ALWAYS_SEARCH_USER_PATHS = NO;
				CLANG_ANALYZER_NONNULL = YES;
				CLANG_ANALYZER_NUMBER_OBJECT_CONVERSION = YES_AGGRESSIVE;
				CLANG_CXX_LANGUAGE_STANDARD = "gnu++20";
				CLANG_ENABLE_MODULES = YES;
				CLANG_ENABLE_OBJC_ARC = YES;
				CLANG_ENABLE_OBJC_WEAK = YES;
				CLANG_WARN_BLOCK_CAPTURE_AUTORELEASING = YES;
				CLANG_WARN_BOOL_CONVERSION = YES;
				CLANG_WARN_COMMA = YES;
				CLANG_WARN_CONSTANT_CONVERSION = YES;
				CLANG_WARN_DEPRECATED_OBJC_IMPLEMENTATIONS = YES;
				CLANG_WARN_DIRECT_OBJC_ISA_USAGE = YES_ERROR;
				CLANG_WARN_DOCUMENTATION_COMMENTS = YES;
				CLANG_WARN_EMPTY_BODY = YES;
				CLANG_WARN_ENUM_CONVERSION = YES;
				CLANG_WARN_INFINITE_RECURSION = YES;
				CLANG_WARN_INT_CONVERSION = YES;
				CLANG_WARN_NON_LITERAL_NULL_CONVERSION = YES;
				CLANG_WARN_OBJC_IMPLICIT_RETAIN_SELF = YES;
				CLANG_WARN_OBJC_LITERAL_CONVERSION = YES;
				CLANG_WARN_OBJC_ROOT_CLASS = YES_ERROR;
				CLANG_WARN_QUOTED_INCLUDE_IN_FRAMEWORK_HEADER = YES;
				CLANG_WARN_RANGE_LOOP_ANALYSIS = YES;
				CLANG_WARN_STRICT_PROTOTYPES = YES;
				CLANG_WARN_SUSPICIOUS_MOVE = YES;
				CLANG_WARN_UNGUARDED_AVAILABILITY = YES_AGGRESSIVE;
				CLANG_WARN_UNREACHABLE_CODE = YES;
				CLANG_WARN__DUPLICATE_METHOD_MATCH = YES;
				COPY_PHASE_STRIP = NO;
				DEAD_CODE_STRIPPING = YES;
				DEBUG_INFORMATION_FORMAT = "dwarf-with-dsym";
				ENABLE_NS_ASSERTIONS = NO;
				ENABLE_STRICT_OBJC_MSGSEND = YES;
				GCC_C_LANGUAGE_STANDARD = gnu11;
				GCC_NO_COMMON_BLOCKS = YES;
				GCC_WARN_64_TO_32_BIT_CONVERSION = YES;
				GCC_WARN_ABOUT_RETURN_TYPE = YES_ERROR;
				GCC_WARN_UNDECLARED_SELECTOR = YES;
				GCC_WARN_UNINITIALIZED_AUTOS = YES_AGGRESSIVE;
				GCC_WARN_UNUSED_FUNCTION = YES;
				GCC_WARN_UNUSED_VARIABLE = YES;
				MTL_ENABLE_DEBUG_INFO = NO;
				MTL_FAST_MATH = YES;
				SWIFT_COMPILATION_MODE = wholemodule;
				SWIFT_OPTIMIZATION_LEVEL = "-O";
			};
			name = Release;
		};
		A0E0723D29D701C00010E128 /* Debug */ = {
			isa = XCBuildConfiguration;
			buildSettings = {
				ASSETCATALOG_COMPILER_APPICON_NAME = AppIcon;
				ASSETCATALOG_COMPILER_GLOBAL_ACCENT_COLOR_NAME = AccentColor;
				CODE_SIGN_ENTITLEMENTS = StructuralHoroscope/StructuralHoroscope.entitlements;
				CODE_SIGN_STYLE = Automatic;
				CURRENT_PROJECT_VERSION = 4;
				DEAD_CODE_STRIPPING = YES;
				DEVELOPMENT_ASSET_PATHS = "\"StructuralHoroscope/Preview Content\"";
				DEVELOPMENT_TEAM = VB8C9ZVKXH;
				ENABLE_HARDENED_RUNTIME = YES;
				ENABLE_PREVIEWS = YES;
				GENERATE_INFOPLIST_FILE = YES;
				INFOPLIST_FILE = StructuralHoroscope/Info.plist;
				INFOPLIST_KEY_CFBundleDisplayName = "Структурный гороскоп";
				INFOPLIST_KEY_LSApplicationCategoryType = "public.app-category.lifestyle";
				INFOPLIST_KEY_NSCalendarsUsageDescription = "This allows the app to modify the calendar";
				INFOPLIST_KEY_NSContactsUsageDescription = "This allowas the app to see your contacts";
				"INFOPLIST_KEY_UIApplicationSceneManifest_Generation[sdk=iphoneos*]" = YES;
				"INFOPLIST_KEY_UIApplicationSceneManifest_Generation[sdk=iphonesimulator*]" = YES;
				"INFOPLIST_KEY_UIApplicationSupportsIndirectInputEvents[sdk=iphoneos*]" = YES;
				"INFOPLIST_KEY_UIApplicationSupportsIndirectInputEvents[sdk=iphonesimulator*]" = YES;
				"INFOPLIST_KEY_UILaunchScreen_Generation[sdk=iphoneos*]" = YES;
				"INFOPLIST_KEY_UILaunchScreen_Generation[sdk=iphonesimulator*]" = YES;
				INFOPLIST_KEY_UILaunchStoryboardName = "";
				"INFOPLIST_KEY_UIStatusBarStyle[sdk=iphoneos*]" = UIStatusBarStyleDefault;
				"INFOPLIST_KEY_UIStatusBarStyle[sdk=iphonesimulator*]" = UIStatusBarStyleDefault;
				INFOPLIST_KEY_UISupportedInterfaceOrientations = UIInterfaceOrientationPortrait;
				INFOPLIST_KEY_UISupportedInterfaceOrientations_iPad = "UIInterfaceOrientationLandscapeLeft UIInterfaceOrientationLandscapeRight UIInterfaceOrientationPortrait UIInterfaceOrientationPortraitUpsideDown";
				IPHONEOS_DEPLOYMENT_TARGET = 16.4;
				LD_RUNPATH_SEARCH_PATHS = "@executable_path/Frameworks";
				"LD_RUNPATH_SEARCH_PATHS[sdk=macosx*]" = "@executable_path/../Frameworks";
				MACOSX_DEPLOYMENT_TARGET = 13.3;
				MARKETING_VERSION = 1.0;
				PRODUCT_BUNDLE_IDENTIFIER = SergeiPoluboiarinov.StructuralHoroscope;
				PRODUCT_NAME = "$(TARGET_NAME)";
				SDKROOT = auto;
				SUPPORTED_PLATFORMS = "iphoneos iphonesimulator";
				SUPPORTS_MACCATALYST = NO;
				SUPPORTS_MAC_DESIGNED_FOR_IPHONE_IPAD = NO;
				SWIFT_EMIT_LOC_STRINGS = YES;
				SWIFT_VERSION = 5.0;
				TARGETED_DEVICE_FAMILY = "1,2";
			};
			name = Debug;
		};
		A0E0723E29D701C00010E128 /* Release */ = {
			isa = XCBuildConfiguration;
			buildSettings = {
				ASSETCATALOG_COMPILER_APPICON_NAME = AppIcon;
				ASSETCATALOG_COMPILER_GLOBAL_ACCENT_COLOR_NAME = AccentColor;
				CODE_SIGN_ENTITLEMENTS = StructuralHoroscope/StructuralHoroscope.entitlements;
				CODE_SIGN_STYLE = Automatic;
				CURRENT_PROJECT_VERSION = 4;
				DEAD_CODE_STRIPPING = YES;
				DEVELOPMENT_ASSET_PATHS = "\"StructuralHoroscope/Preview Content\"";
				DEVELOPMENT_TEAM = VB8C9ZVKXH;
				ENABLE_HARDENED_RUNTIME = YES;
				ENABLE_PREVIEWS = YES;
				GENERATE_INFOPLIST_FILE = YES;
				INFOPLIST_FILE = StructuralHoroscope/Info.plist;
				INFOPLIST_KEY_CFBundleDisplayName = "Структурный гороскоп";
				INFOPLIST_KEY_LSApplicationCategoryType = "public.app-category.lifestyle";
				INFOPLIST_KEY_NSCalendarsUsageDescription = "This allows the app to modify the calendar";
				INFOPLIST_KEY_NSContactsUsageDescription = "This allowas the app to see your contacts";
				"INFOPLIST_KEY_UIApplicationSceneManifest_Generation[sdk=iphoneos*]" = YES;
				"INFOPLIST_KEY_UIApplicationSceneManifest_Generation[sdk=iphonesimulator*]" = YES;
				"INFOPLIST_KEY_UIApplicationSupportsIndirectInputEvents[sdk=iphoneos*]" = YES;
				"INFOPLIST_KEY_UIApplicationSupportsIndirectInputEvents[sdk=iphonesimulator*]" = YES;
				"INFOPLIST_KEY_UILaunchScreen_Generation[sdk=iphoneos*]" = YES;
				"INFOPLIST_KEY_UILaunchScreen_Generation[sdk=iphonesimulator*]" = YES;
				INFOPLIST_KEY_UILaunchStoryboardName = "";
				"INFOPLIST_KEY_UIStatusBarStyle[sdk=iphoneos*]" = UIStatusBarStyleDefault;
				"INFOPLIST_KEY_UIStatusBarStyle[sdk=iphonesimulator*]" = UIStatusBarStyleDefault;
				INFOPLIST_KEY_UISupportedInterfaceOrientations = UIInterfaceOrientationPortrait;
				INFOPLIST_KEY_UISupportedInterfaceOrientations_iPad = "UIInterfaceOrientationLandscapeLeft UIInterfaceOrientationLandscapeRight UIInterfaceOrientationPortrait UIInterfaceOrientationPortraitUpsideDown";
				IPHONEOS_DEPLOYMENT_TARGET = 16.4;
				LD_RUNPATH_SEARCH_PATHS = "@executable_path/Frameworks";
				"LD_RUNPATH_SEARCH_PATHS[sdk=macosx*]" = "@executable_path/../Frameworks";
				MACOSX_DEPLOYMENT_TARGET = 13.3;
				MARKETING_VERSION = 1.0;
				PRODUCT_BUNDLE_IDENTIFIER = SergeiPoluboiarinov.StructuralHoroscope;
				PRODUCT_NAME = "$(TARGET_NAME)";
				SDKROOT = auto;
				SUPPORTED_PLATFORMS = "iphoneos iphonesimulator";
				SUPPORTS_MACCATALYST = NO;
				SUPPORTS_MAC_DESIGNED_FOR_IPHONE_IPAD = NO;
				SWIFT_EMIT_LOC_STRINGS = YES;
				SWIFT_VERSION = 5.0;
				TARGETED_DEVICE_FAMILY = "1,2";
			};
			name = Release;
		};
/* End XCBuildConfiguration section */

/* Begin XCConfigurationList section */
		A0E0722829D701BF0010E128 /* Build configuration list for PBXProject "StructuralHoroscope" */ = {
			isa = XCConfigurationList;
			buildConfigurations = (
				A0E0723A29D701C00010E128 /* Debug */,
				A0E0723B29D701C00010E128 /* Release */,
			);
			defaultConfigurationIsVisible = 0;
			defaultConfigurationName = Release;
		};
		A0E0723C29D701C00010E128 /* Build configuration list for PBXNativeTarget "StructuralHoroscope" */ = {
			isa = XCConfigurationList;
			buildConfigurations = (
				A0E0723D29D701C00010E128 /* Debug */,
				A0E0723E29D701C00010E128 /* Release */,
			);
			defaultConfigurationIsVisible = 0;
			defaultConfigurationName = Release;
		};
/* End XCConfigurationList section */

/* Begin XCVersionGroup section */
		A0E0723F29D702820010E128 /* Model.xcdatamodeld */ = {
			isa = XCVersionGroup;
			children = (
				A0E0724029D702820010E128 /* Model.xcdatamodel */,
			);
			currentVersion = A0E0724029D702820010E128 /* Model.xcdatamodel */;
			path = Model.xcdatamodeld;
			sourceTree = "<group>";
			versionGroupType = wrapper.xcdatamodel;
		};
/* End XCVersionGroup section */
	};
	rootObject = A0E0722529D701BF0010E128 /* Project object */;
}
